{
  "name": "jsonfind",
  "version": "1.0.0",
  "lockfileVersion": 1,
  "requires": true,
  "dependencies": {
    "commander": {
      "version": "2.20.3",
      "resolved": "https://registry.npmjs.org/commander/-/commander-2.20.3.tgz",
      "integrity": "sha512-GpVkmM8vF2vQUkj2LvZmD35JxeJOLCwJ9cUkugyk2nuhbv3+mJvpLYYt+0+USMxE+oj+ey/lJEnhZw75x/OMcQ=="
    },
    "readstdin": {
      "version": "1.0.2",
      "resolved": "https://registry.npmjs.org/readstdin/-/readstdin-1.0.2.tgz",
      "integrity": "sha512-J9ohYv1F4MQsu1uqejIDae/wvD05N7VMo0gWWx17879KOUFk4jRRajqGN2Wv/xRZLxBmebaxlh0SxRYwNo4apA=="
    }
  }
}
